{
    "version": 3,
    "terraform_version": "0.11.8",
    "serial": 3,
    "lineage": "18f61835-d42b-89e5-6c5a-192937bbad8c",
    "modules": [
        {
            "path": [
                "root"
            ],
            "outputs": {
                "ppdmz_conf_subnet": {
                    "sensitive": false,
                    "type": "string",
                    "value": "/subscriptions/33c32d48-d968-48bb-adb1-7ef39eb93f15/resourceGroups/PreProdStg-Pexip-westus2-RG/providers/Microsoft.Network/virtualNetworks/PPdmz2-westus2/subnets/DevDmzApps"
                },
                "ppdmz_gateway_subnet": {
                    "sensitive": false,
                    "type": "string",
                    "value": "/subscriptions/33c32d48-d968-48bb-adb1-7ef39eb93f15/resourceGroups/PreProdStg-Pexip-westus2-RG/providers/Microsoft.Network/virtualNetworks/PPdmz2-westus2/subnets/GatewaySubnet"
                },
                "ppdmz_vnet_name": {
                    "sensitive": false,
                    "type": "string",
                    "value": "PPdmz2-westus2"
                }
            },
            "resources": {
                "azurerm_resource_group.pexip_devstg_rg": {
                    "type": "azurerm_resource_group",
                    "depends_on": [],
                    "primary": {
                        "id": "/subscriptions/33c32d48-d968-48bb-adb1-7ef39eb93f15/resourceGroups/PreProdStg-Pexip-westus2-RG",
                        "attributes": {
                            "id": "/subscriptions/33c32d48-d968-48bb-adb1-7ef39eb93f15/resourceGroups/PreProdStg-Pexip-westus2-RG",
                            "location": "westus2",
                            "name": "PreProdStg-Pexip-westus2-RG",
                            "tags.%": "3",
                            "tags.application": "pexip",
                            "tags.environment": "devstage",
                            "tags.project": "pexip"
                        },
                        "meta": {},
                        "tainted": false
                    },
                    "deposed": [],
                    "provider": "provider.azurerm"
                }
            },
            "depends_on": []
        },
        {
            "path": [
                "root",
                "VnetGateway"
            ],
            "outputs": {},
            "resources": {
                "azurerm_public_ip.PPAppspubIP": {
                    "type": "azurerm_public_ip",
                    "depends_on": [],
                    "primary": {
                        "id": "/subscriptions/33c32d48-d968-48bb-adb1-7ef39eb93f15/resourceGroups/PreProdStg-Pexip-westus2-RG/providers/Microsoft.Network/publicIPAddresses/PPApps2-GWPubIP-westus2-0",
                        "attributes": {
                            "allocation_method": "Dynamic",
                            "id": "/subscriptions/33c32d48-d968-48bb-adb1-7ef39eb93f15/resourceGroups/PreProdStg-Pexip-westus2-RG/providers/Microsoft.Network/publicIPAddresses/PPApps2-GWPubIP-westus2-0",
                            "idle_timeout_in_minutes": "4",
                            "ip_address": "52.183.42.232",
                            "ip_version": "IPv4",
                            "location": "westus2",
                            "name": "PPApps2-GWPubIP-westus2-0",
                            "public_ip_address_allocation": "Dynamic",
                            "resource_group_name": "PreProdStg-Pexip-westus2-RG",
                            "sku": "Basic",
                            "tags.%": "3",
                            "tags.application": "pexip-teams",
                            "tags.environment": "devstage",
                            "tags.project": "pexip",
                            "zones.#": "0"
                        },
                        "meta": {},
                        "tainted": false
                    },
                    "deposed": [],
                    "provider": "provider.azurerm"
                },
                "azurerm_virtual_network_gateway.PPdmz01": {
                    "type": "azurerm_virtual_network_gateway",
                    "depends_on": [
                        "azurerm_public_ip.PPAppspubIP.*"
                    ],
                    "primary": {
                        "id": "/subscriptions/33c32d48-d968-48bb-adb1-7ef39eb93f15/resourceGroups/PreProdStg-Pexip-westus2-RG/providers/Microsoft.Network/virtualNetworkGateways/PPdmz2-westus2-GW",
                        "attributes": {
                            "active_active": "false",
                            "bgp_settings.#": "1",
                            "bgp_settings.0.asn": "65515",
                            "bgp_settings.0.peer_weight": "0",
                            "bgp_settings.0.peering_address": "10.221.40.126",
                            "enable_bgp": "false",
                            "id": "/subscriptions/33c32d48-d968-48bb-adb1-7ef39eb93f15/resourceGroups/PreProdStg-Pexip-westus2-RG/providers/Microsoft.Network/virtualNetworkGateways/PPdmz2-westus2-GW",
                            "ip_configuration.#": "1",
                            "ip_configuration.0.name": "PPdmz2-westus2-GW-config",
                            "ip_configuration.0.private_ip_address_allocation": "Dynamic",
                            "ip_configuration.0.public_ip_address_id": "/subscriptions/33c32d48-d968-48bb-adb1-7ef39eb93f15/resourceGroups/PreProdStg-Pexip-westus2-RG/providers/Microsoft.Network/publicIPAddresses/PPApps2-GWPubIP-westus2-0",
                            "ip_configuration.0.subnet_id": "/subscriptions/33c32d48-d968-48bb-adb1-7ef39eb93f15/resourceGroups/PreProdStg-Pexip-westus2-RG/providers/Microsoft.Network/virtualNetworks/PPdmz2-westus2/subnets/GatewaySubnet",
                            "location": "westus2",
                            "name": "PPdmz2-westus2-GW",
                            "resource_group_name": "PreProdStg-Pexip-westus2-RG",
                            "sku": "VpnGw1",
                            "tags.%": "3",
                            "tags.application": "pexip-conference",
                            "tags.environment": "devstage",
                            "tags.project": "pexip",
                            "type": "Vpn",
                            "vpn_client_configuration.#": "0",
                            "vpn_type": "RouteBased"
                        },
                        "meta": {},
                        "tainted": false
                    },
                    "deposed": [],
                    "provider": "provider.azurerm"
                }
            },
            "depends_on": []
        },
        {
            "path": [
                "root",
                "network"
            ],
            "outputs": {
                "ppdmz_conf_subnet": {
                    "sensitive": false,
                    "type": "string",
                    "value": "/subscriptions/33c32d48-d968-48bb-adb1-7ef39eb93f15/resourceGroups/PreProdStg-Pexip-westus2-RG/providers/Microsoft.Network/virtualNetworks/PPdmz2-westus2/subnets/DevDmzApps"
                },
                "ppdmz_gateway_subnet": {
                    "sensitive": false,
                    "type": "string",
                    "value": "/subscriptions/33c32d48-d968-48bb-adb1-7ef39eb93f15/resourceGroups/PreProdStg-Pexip-westus2-RG/providers/Microsoft.Network/virtualNetworks/PPdmz2-westus2/subnets/GatewaySubnet"
                },
                "ppdmz_vnet_name": {
                    "sensitive": false,
                    "type": "string",
                    "value": "PPdmz2-westus2"
                }
            },
            "resources": {
                "azurerm_subnet.GWsubnet-dmz": {
                    "type": "azurerm_subnet",
                    "depends_on": [
                        "azurerm_virtual_network.dmz-vnet"
                    ],
                    "primary": {
                        "id": "/subscriptions/33c32d48-d968-48bb-adb1-7ef39eb93f15/resourceGroups/PreProdStg-Pexip-westus2-RG/providers/Microsoft.Network/virtualNetworks/PPdmz2-westus2/subnets/GatewaySubnet",
                        "attributes": {
                            "address_prefix": "10.221.40.96/27",
                            "delegation.#": "0",
                            "enforce_private_link_endpoint_network_policies": "false",
                            "enforce_private_link_service_network_policies": "false",
                            "id": "/subscriptions/33c32d48-d968-48bb-adb1-7ef39eb93f15/resourceGroups/PreProdStg-Pexip-westus2-RG/providers/Microsoft.Network/virtualNetworks/PPdmz2-westus2/subnets/GatewaySubnet",
                            "ip_configurations.#": "1",
                            "ip_configurations.605603367": "/subscriptions/33c32d48-d968-48bb-adb1-7ef39eb93f15/resourceGroups/PreProdStg-Pexip-westus2-RG/providers/Microsoft.Network/virtualNetworkGateways/PPdmz2-westus2-GW/ipConfigurations/PPdmz2-westus2-GW-config",
                            "name": "GatewaySubnet",
                            "network_security_group_id": "",
                            "resource_group_name": "PreProdStg-Pexip-westus2-RG",
                            "route_table_id": "",
                            "service_endpoints.#": "0",
                            "virtual_network_name": "PPdmz2-westus2"
                        },
                        "meta": {},
                        "tainted": false
                    },
                    "deposed": [],
                    "provider": "provider.azurerm"
                },
                "azurerm_subnet.PExipconference-dev-dmz": {
                    "type": "azurerm_subnet",
                    "depends_on": [
                        "azurerm_virtual_network.dmz-vnet"
                    ],
                    "primary": {
                        "id": "/subscriptions/33c32d48-d968-48bb-adb1-7ef39eb93f15/resourceGroups/PreProdStg-Pexip-westus2-RG/providers/Microsoft.Network/virtualNetworks/PPdmz2-westus2/subnets/DevDmzApps",
                        "attributes": {
                            "address_prefix": "10.221.40.0/27",
                            "delegation.#": "0",
                            "enforce_private_link_endpoint_network_policies": "false",
                            "enforce_private_link_service_network_policies": "false",
                            "id": "/subscriptions/33c32d48-d968-48bb-adb1-7ef39eb93f15/resourceGroups/PreProdStg-Pexip-westus2-RG/providers/Microsoft.Network/virtualNetworks/PPdmz2-westus2/subnets/DevDmzApps",
                            "ip_configurations.#": "0",
                            "name": "DevDmzApps",
                            "network_security_group_id": "",
                            "resource_group_name": "PreProdStg-Pexip-westus2-RG",
                            "route_table_id": "",
                            "service_endpoints.#": "1",
                            "service_endpoints.0": "Microsoft.Storage",
                            "virtual_network_name": "PPdmz2-westus2"
                        },
                        "meta": {},
                        "tainted": false
                    },
                    "deposed": [],
                    "provider": "provider.azurerm"
                },
                "azurerm_virtual_network.dmz-vnet": {
                    "type": "azurerm_virtual_network",
                    "depends_on": [],
                    "primary": {
                        "id": "/subscriptions/33c32d48-d968-48bb-adb1-7ef39eb93f15/resourceGroups/PreProdStg-Pexip-westus2-RG/providers/Microsoft.Network/virtualNetworks/PPdmz2-westus2",
                        "attributes": {
                            "address_space.#": "1",
                            "address_space.0": "10.221.40.0/25",
                            "ddos_protection_plan.#": "0",
                            "dns_servers.#": "0",
                            "id": "/subscriptions/33c32d48-d968-48bb-adb1-7ef39eb93f15/resourceGroups/PreProdStg-Pexip-westus2-RG/providers/Microsoft.Network/virtualNetworks/PPdmz2-westus2",
                            "location": "westus2",
                            "name": "PPdmz2-westus2",
                            "resource_group_name": "PreProdStg-Pexip-westus2-RG",
                            "subnet.#": "2",
                            "subnet.1546579022.address_prefix": "10.221.40.96/27",
                            "subnet.1546579022.id": "/subscriptions/33c32d48-d968-48bb-adb1-7ef39eb93f15/resourceGroups/PreProdStg-Pexip-westus2-RG/providers/Microsoft.Network/virtualNetworks/PPdmz2-westus2/subnets/GatewaySubnet",
                            "subnet.1546579022.name": "GatewaySubnet",
                            "subnet.1546579022.security_group": "",
                            "subnet.3543139531.address_prefix": "10.221.40.0/27",
                            "subnet.3543139531.id": "/subscriptions/33c32d48-d968-48bb-adb1-7ef39eb93f15/resourceGroups/PreProdStg-Pexip-westus2-RG/providers/Microsoft.Network/virtualNetworks/PPdmz2-westus2/subnets/DevDmzApps",
                            "subnet.3543139531.name": "DevDmzApps",
                            "subnet.3543139531.security_group": "",
                            "tags.%": "3",
                            "tags.application": "pexip-conference",
                            "tags.environment": "devstage",
                            "tags.project": "pexip"
                        },
                        "meta": {},
                        "tainted": false
                    },
                    "deposed": [],
                    "provider": "provider.azurerm"
                }
            },
            "depends_on": []
        },
        {
            "path": [
                "root",
                "networksecuritygroup"
            ],
            "outputs": {},
            "resources": {},
            "depends_on": []
        }
    ]
}
